// !$*UTF8*$!
{
	archiveVersion = 1;
	classes = {
	};
	objectVersion = 56;
	objects = {

/* Begin PBXBuildFile section */
		90B5D5782BCD24E300156689 /* AppDelegate.swift in Sources */ = {isa = PBXBuildFile; fileRef = 90B5D5772BCD24E300156689 /* AppDelegate.swift */; };
		90B5D57A2BCD24E400156689 /* SceneDelegate.swift in Sources */ = {isa = PBXBuildFile; fileRef = 90B5D5792BCD24E400156689 /* SceneDelegate.swift */; };
		90B5D57C2BCD24E400156689 /* ViewController.swift in Sources */ = {isa = PBXBuildFile; fileRef = 90B5D57B2BCD24E400156689 /* ViewController.swift */; };
		90B5D57F2BCD24E400156689 /* Main.storyboard in Resources */ = {isa = PBXBuildFile; fileRef = 90B5D57D2BCD24E400156689 /* Main.storyboard */; };
		90B5D5812BCD24E600156689 /* Assets.xcassets in Resources */ = {isa = PBXBuildFile; fileRef = 90B5D5802BCD24E600156689 /* Assets.xcassets */; };
		90B5D5842BCD24E600156689 /* LaunchScreen.storyboard in Resources */ = {isa = PBXBuildFile; fileRef = 90B5D5822BCD24E600156689 /* LaunchScreen.storyboard */; };
		90B5D5932BCD2A2C00156689 /* imagesCollectionViewCell.swift in Sources */ = {isa = PBXBuildFile; fileRef = 90B5D5912BCD2A2C00156689 /* imagesCollectionViewCell.swift */; };
		90B5D5942BCD2A2C00156689 /* imagesCollectionViewCell.xib in Resources */ = {isa = PBXBuildFile; fileRef = 90B5D5922BCD2A2C00156689 /* imagesCollectionViewCell.xib */; };
		90B5D59A2BCD3CCD00156689 /* ImageDataModel.swift in Sources */ = {isa = PBXBuildFile; fileRef = 90B5D5992BCD3CCC00156689 /* ImageDataModel.swift */; };
		90B5D59E2BCD3D1500156689 /* ImageViewModel.swift in Sources */ = {isa = PBXBuildFile; fileRef = 90B5D59D2BCD3D1500156689 /* ImageViewModel.swift */; };
		90B5D5A02BCD40FF00156689 /* ImageService.swift in Sources */ = {isa = PBXBuildFile; fileRef = 90B5D59F2BCD40FF00156689 /* ImageService.swift */; };
/* End PBXBuildFile section */

/* Begin PBXFileReference section */
		90B5D5742BCD24E300156689 /* AnkitAssignmentiOS.app */ = {isa = PBXFileReference; explicitFileType = wrapper.application; includeInIndex = 0; path = AnkitAssignmentiOS.app; sourceTree = BUILT_PRODUCTS_DIR; };
		90B5D5772BCD24E300156689 /* AppDelegate.swift */ = {isa = PBXFileReference; lastKnownFileType = sourcecode.swift; path = AppDelegate.swift; sourceTree = "<group>"; };
		90B5D5792BCD24E400156689 /* SceneDelegate.swift */ = {isa = PBXFileReference; lastKnownFileType = sourcecode.swift; path = SceneDelegate.swift; sourceTree = "<group>"; };
		90B5D57B2BCD24E400156689 /* ViewController.swift */ = {isa = PBXFileReference; lastKnownFileType = sourcecode.swift; path = ViewController.swift; sourceTree = "<group>"; };
		90B5D57E2BCD24E400156689 /* Base */ = {isa = PBXFileReference; lastKnownFileType = file.storyboard; name = Base; path = Base.lproj/Main.storyboard; sourceTree = "<group>"; };
		90B5D5802BCD24E600156689 /* Assets.xcassets */ = {isa = PBXFileReference; lastKnownFileType = folder.assetcatalog; path = Assets.xcassets; sourceTree = "<group>"; };
		90B5D5832BCD24E600156689 /* Base */ = {isa = PBXFileReference; lastKnownFileType = file.storyboard; name = Base; path = Base.lproj/LaunchScreen.storyboard; sourceTree = "<group>"; };
		90B5D5852BCD24E600156689 /* Info.plist */ = {isa = PBXFileReference; lastKnownFileType = text.plist.xml; path = Info.plist; sourceTree = "<group>"; };
		90B5D5912BCD2A2C00156689 /* imagesCollectionViewCell.swift */ = {isa = PBXFileReference; lastKnownFileType = sourcecode.swift; path = imagesCollectionViewCell.swift; sourceTree = "<group>"; };
		90B5D5922BCD2A2C00156689 /* imagesCollectionViewCell.xib */ = {isa = PBXFileReference; lastKnownFileType = file.xib; path = imagesCollectionViewCell.xib; sourceTree = "<group>"; };
		90B5D5992BCD3CCC00156689 /* ImageDataModel.swift */ = {isa = PBXFileReference; lastKnownFileType = sourcecode.swift; path = ImageDataModel.swift; sourceTree = "<group>"; };
		90B5D59D2BCD3D1500156689 /* ImageViewModel.swift */ = {isa = PBXFileReference; lastKnownFileType = sourcecode.swift; path = ImageViewModel.swift; sourceTree = "<group>"; };
		90B5D59F2BCD40FF00156689 /* ImageService.swift */ = {isa = PBXFileReference; lastKnownFileType = sourcecode.swift; path = ImageService.swift; sourceTree = "<group>"; };
/* End PBXFileReference section */

/* Begin PBXFrameworksBuildPhase section */
		90B5D5712BCD24E300156689 /* Frameworks */ = {
			isa = PBXFrameworksBuildPhase;
			buildActionMask = 2147483647;
			files = (
			);
			runOnlyForDeploymentPostprocessing = 0;
		};
/* End PBXFrameworksBuildPhase section */

/* Begin PBXGroup section */
		90B5D56B2BCD24E300156689 = {
			isa = PBXGroup;
			children = (
				90B5D5762BCD24E300156689 /* AnkitAssignmentiOS */,
				90B5D5752BCD24E300156689 /* Products */,
			);
			sourceTree = "<group>";
		};
		90B5D5752BCD24E300156689 /* Products */ = {
			isa = PBXGroup;
			children = (
				90B5D5742BCD24E300156689 /* AnkitAssignmentiOS.app */,
			);
			name = Products;
			sourceTree = "<group>";
		};
		90B5D5762BCD24E300156689 /* AnkitAssignmentiOS */ = {
			isa = PBXGroup;
			children = (
				90B5D58B2BCD254800156689 /* Features */,
				90B5D5902BCD25A600156689 /* Network */,
				90B5D5772BCD24E300156689 /* AppDelegate.swift */,
				90B5D5792BCD24E400156689 /* SceneDelegate.swift */,
				90B5D57D2BCD24E400156689 /* Main.storyboard */,
				90B5D5802BCD24E600156689 /* Assets.xcassets */,
				90B5D5822BCD24E600156689 /* LaunchScreen.storyboard */,
				90B5D5852BCD24E600156689 /* Info.plist */,
			);
			path = AnkitAssignmentiOS;
			sourceTree = "<group>";
		};
		90B5D58B2BCD254800156689 /* Features */ = {
			isa = PBXGroup;
			children = (
				90B5D58D2BCD256D00156689 /* DataModel */,
				90B5D58E2BCD257F00156689 /* Views */,
				90B5D58C2BCD255200156689 /* ViewModel */,
				90B5D58F2BCD258B00156689 /* Xib's */,
			);
			path = Features;
			sourceTree = "<group>";
		};
		90B5D58C2BCD255200156689 /* ViewModel */ = {
			isa = PBXGroup;
			children = (
				90B5D59D2BCD3D1500156689 /* ImageViewModel.swift */,
			);
			path = ViewModel;
			sourceTree = "<group>";
		};
		90B5D58D2BCD256D00156689 /* DataModel */ = {
			isa = PBXGroup;
			children = (
				90B5D5992BCD3CCC00156689 /* ImageDataModel.swift */,
			);
			path = DataModel;
			sourceTree = "<group>";
		};
		90B5D58E2BCD257F00156689 /* Views */ = {
			isa = PBXGroup;
			children = (
				90B5D57B2BCD24E400156689 /* ViewController.swift */,
			);
			path = Views;
			sourceTree = "<group>";
		};
		90B5D58F2BCD258B00156689 /* Xib's */ = {
			isa = PBXGroup;
			children = (
				90B5D5912BCD2A2C00156689 /* imagesCollectionViewCell.swift */,
				90B5D5922BCD2A2C00156689 /* imagesCollectionViewCell.xib */,
			);
			path = "Xib's";
			sourceTree = "<group>";
		};
		90B5D5902BCD25A600156689 /* Network */ = {
			isa = PBXGroup;
			children = (
				90B5D59F2BCD40FF00156689 /* ImageService.swift */,
			);
			path = Network;
			sourceTree = "<group>";
		};
/* End PBXGroup section */

/* Begin PBXNativeTarget section */
		90B5D5732BCD24E300156689 /* AnkitAssignmentiOS */ = {
			isa = PBXNativeTarget;
			buildConfigurationList = 90B5D5882BCD24E600156689 /* Build configuration list for PBXNativeTarget "AnkitAssignmentiOS" */;
			buildPhases = (
				90B5D5702BCD24E300156689 /* Sources */,
				90B5D5712BCD24E300156689 /* Frameworks */,
				90B5D5722BCD24E300156689 /* Resources */,
			);
			buildRules = (
			);
			dependencies = (
			);
			name = AnkitAssignmentiOS;
			productName = AnkitAssignmentiOS;
			productReference = 90B5D5742BCD24E300156689 /* AnkitAssignmentiOS.app */;
			productType = "com.apple.product-type.application";
		};
/* End PBXNativeTarget section */

/* Begin PBXProject section */
		90B5D56C2BCD24E300156689 /* Project object */ = {
			isa = PBXProject;
			attributes = {
				BuildIndependentTargetsInParallel = 1;
				LastSwiftUpdateCheck = 1420;
				LastUpgradeCheck = 1420;
				TargetAttributes = {
					90B5D5732BCD24E300156689 = {
						CreatedOnToolsVersion = 14.2;
					};
				};
			};
			buildConfigurationList = 90B5D56F2BCD24E300156689 /* Build configuration list for PBXProject "AnkitAssignmentiOS" */;
			compatibilityVersion = "Xcode 14.0";
			developmentRegion = en;
			hasScannedForEncodings = 0;
			knownRegions = (
				en,
				Base,
			);
			mainGroup = 90B5D56B2BCD24E300156689;
			productRefGroup = 90B5D5752BCD24E300156689 /* Products */;
			projectDirPath = "";
			projectRoot = "";
			targets = (
				90B5D5732BCD24E300156689 /* AnkitAssignmentiOS */,
			);
		};
/* End PBXProject section */

/* Begin PBXResourcesBuildPhase section */
		90B5D5722BCD24E300156689 /* Resources */ = {
			isa = PBXResourcesBuildPhase;
			buildActionMask = 2147483647;
			files = (
				90B5D5842BCD24E600156689 /* LaunchScreen.storyboard in Resources */,
				90B5D5812BCD24E600156689 /* Assets.xcassets in Resources */,
				90B5D5942BCD2A2C00156689 /* imagesCollectionViewCell.xib in Resources */,
				90B5D57F2BCD24E400156689 /* Main.storyboard in Resources */,
			);
			runOnlyForDeploymentPostprocessing = 0;
		};
/* End PBXResourcesBuildPhase section */

/* Begin PBXSourcesBuildPhase section */
		90B5D5702BCD24E300156689 /* Sources */ = {
			isa = PBXSourcesBuildPhase;
			buildActionMask = 2147483647;
			files = (
				90B5D59E2BCD3D1500156689 /* ImageViewModel.swift in Sources */,
				90B5D57C2BCD24E400156689 /* ViewController.swift in Sources */,
				90B5D59A2BCD3CCD00156689 /* ImageDataModel.swift in Sources */,
				90B5D5782BCD24E300156689 /* AppDelegate.swift in Sources */,
				90B5D5932BCD2A2C00156689 /* imagesCollectionViewCell.swift in Sources */,
				90B5D57A2BCD24E400156689 /* SceneDelegate.swift in Sources */,
				90B5D5A02BCD40FF00156689 /* ImageService.swift in Sources */,
			);
			runOnlyForDeploymentPostprocessing = 0;
		};
/* End PBXSourcesBuildPhase section */

/* Begin PBXVariantGroup section */
		90B5D57D2BCD24E400156689 /* Main.storyboard */ = {
			isa = PBXVariantGroup;
			children = (
				90B5D57E2BCD24E400156689 /* Base */,
			);
			name = Main.storyboard;
			sourceTree = "<group>";
		};
		90B5D5822BCD24E600156689 /* LaunchScreen.storyboard */ = {
			isa = PBXVariantGroup;
			children = (
				90B5D5832BCD24E600156689 /* Base */,
			);
			name = LaunchScreen.storyboard;
			sourceTree = "<group>";
		};
/* End PBXVariantGroup section */

/* Begin XCBuildConfiguration section */
		90B5D5862BCD24E600156689 /* Debug */ = {
			isa = XCBuildConfiguration;
			buildSettings = {
				ALWAYS_SEARCH_USER_PATHS = NO;
				CLANG_ANALYZER_NONNULL = YES;
				CLANG_ANALYZER_NUMBER_OBJECT_CONVERSION = YES_AGGRESSIVE;
				CLANG_CXX_LANGUAGE_STANDARD = "gnu++20";
				CLANG_ENABLE_MODULES = YES;
				CLANG_ENABLE_OBJC_ARC = YES;
				CLANG_ENABLE_OBJC_WEAK = YES;
				CLANG_WARN_BLOCK_CAPTURE_AUTORELEASING = YES;
				CLANG_WARN_BOOL_CONVERSION = YES;
				CLANG_WARN_COMMA = YES;
				CLANG_WARN_CONSTANT_CONVERSION = YES;
				CLANG_WARN_DEPRECATED_OBJC_IMPLEMENTATIONS = YES;
				CLANG_WARN_DIRECT_OBJC_ISA_USAGE = YES_ERROR;
				CLANG_WARN_DOCUMENTATION_COMMENTS = YES;
				CLANG_WARN_EMPTY_BODY = YES;
				CLANG_WARN_ENUM_CONVERSION = YES;
				CLANG_WARN_INFINITE_RECURSION = YES;
				CLANG_WARN_INT_CONVERSION = YES;
				CLANG_WARN_NON_LITERAL_NULL_CONVERSION = YES;
				CLANG_WARN_OBJC_IMPLICIT_RETAIN_SELF = YES;
				CLANG_WARN_OBJC_LITERAL_CONVERSION = YES;
				CLANG_WARN_OBJC_ROOT_CLASS = YES_ERROR;
				CLANG_WARN_QUOTED_INCLUDE_IN_FRAMEWORK_HEADER = YES;
				CLANG_WARN_RANGE_LOOP_ANALYSIS = YES;
				CLANG_WARN_STRICT_PROTOTYPES = YES;
				CLANG_WARN_SUSPICIOUS_MOVE = YES;
				CLANG_WARN_UNGUARDED_AVAILABILITY = YES_AGGRESSIVE;
				CLANG_WARN_UNREACHABLE_CODE = YES;
				CLANG_WARN__DUPLICATE_METHOD_MATCH = YES;
				COPY_PHASE_STRIP = NO;
				DEBUG_INFORMATION_FORMAT = dwarf;
				ENABLE_STRICT_OBJC_MSGSEND = YES;
				ENABLE_TESTABILITY = YES;
				GCC_C_LANGUAGE_STANDARD = gnu11;
				GCC_DYNAMIC_NO_PIC = NO;
				GCC_NO_COMMON_BLOCKS = YES;
				GCC_OPTIMIZATION_LEVEL = 0;
				GCC_PREPROCESSOR_DEFINITIONS = (
					"DEBUG=1",
					"$(inherited)",
				);
				GCC_WARN_64_TO_32_BIT_CONVERSION = YES;
				GCC_WARN_ABOUT_RETURN_TYPE = YES_ERROR;
				GCC_WARN_UNDECLARED_SELECTOR = YES;
				GCC_WARN_UNINITIALIZED_AUTOS = YES_AGGRESSIVE;
				GCC_WARN_UNUSED_FUNCTION = YES;
				GCC_WARN_UNUSED_VARIABLE = YES;
				IPHONEOS_DEPLOYMENT_TARGET = 16.2;
				MTL_ENABLE_DEBUG_INFO = INCLUDE_SOURCE;
				MTL_FAST_MATH = YES;
				ONLY_ACTIVE_ARCH = YES;
				SDKROOT = iphoneos;
				SWIFT_ACTIVE_COMPILATION_CONDITIONS = DEBUG;
				SWIFT_OPTIMIZATION_LEVEL = "-Onone";
			};
			name = Debug;
		};
		90B5D5872BCD24E600156689 /* Release */ = {
			isa = XCBuildConfiguration;
			buildSettings = {
				ALWAYS_SEARCH_USER_PATHS = NO;
				CLANG_ANALYZER_NONNULL = YES;
				CLANG_ANALYZER_NUMBER_OBJECT_CONVERSION = YES_AGGRESSIVE;
				CLANG_CXX_LANGUAGE_STANDARD = "gnu++20";
				CLANG_ENABLE_MODULES = YES;
				CLANG_ENABLE_OBJC_ARC = YES;
				CLANG_ENABLE_OBJC_WEAK = YES;
				CLANG_WARN_BLOCK_CAPTURE_AUTORELEASING = YES;
				CLANG_WARN_BOOL_CONVERSION = YES;
				CLANG_WARN_COMMA = YES;
				CLANG_WARN_CONSTANT_CONVERSION = YES;
				CLANG_WARN_DEPRECATED_OBJC_IMPLEMENTATIONS = YES;
				CLANG_WARN_DIRECT_OBJC_ISA_USAGE = YES_ERROR;
				CLANG_WARN_DOCUMENTATION_COMMENTS = YES;
				CLANG_WARN_EMPTY_BODY = YES;
				CLANG_WARN_ENUM_CONVERSION = YES;
				CLANG_WARN_INFINITE_RECURSION = YES;
				CLANG_WARN_INT_CONVERSION = YES;
				CLANG_WARN_NON_LITERAL_NULL_CONVERSION = YES;
				CLANG_WARN_OBJC_IMPLICIT_RETAIN_SELF = YES;
				CLANG_WARN_OBJC_LITERAL_CONVERSION = YES;
				CLANG_WARN_OBJC_ROOT_CLASS = YES_ERROR;
				CLANG_WARN_QUOTED_INCLUDE_IN_FRAMEWORK_HEADER = YES;
				CLANG_WARN_RANGE_LOOP_ANALYSIS = YES;
				CLANG_WARN_STRICT_PROTOTYPES = YES;
				CLANG_WARN_SUSPICIOUS_MOVE = YES;
				CLANG_WARN_UNGUARDED_AVAILABILITY = YES_AGGRESSIVE;
				CLANG_WARN_UNREACHABLE_CODE = YES;
				CLANG_WARN__DUPLICATE_METHOD_MATCH = YES;
				COPY_PHASE_STRIP = NO;
				DEBUG_INFORMATION_FORMAT = "dwarf-with-dsym";
				ENABLE_NS_ASSERTIONS = NO;
				ENABLE_STRICT_OBJC_MSGSEND = YES;
				GCC_C_LANGUAGE_STANDARD = gnu11;
				GCC_NO_COMMON_BLOCKS = YES;
				GCC_WARN_64_TO_32_BIT_CONVERSION = YES;
				GCC_WARN_ABOUT_RETURN_TYPE = YES_ERROR;
				GCC_WARN_UNDECLARED_SELECTOR = YES;
				GCC_WARN_UNINITIALIZED_AUTOS = YES_AGGRESSIVE;
				GCC_WARN_UNUSED_FUNCTION = YES;
				GCC_WARN_UNUSED_VARIABLE = YES;
				IPHONEOS_DEPLOYMENT_TARGET = 16.2;
				MTL_ENABLE_DEBUG_INFO = NO;
				MTL_FAST_MATH = YES;
				SDKROOT = iphoneos;
				SWIFT_COMPILATION_MODE = wholemodule;
				SWIFT_OPTIMIZATION_LEVEL = "-O";
				VALIDATE_PRODUCT = YES;
			};
			name = Release;
		};
		90B5D5892BCD24E600156689 /* Debug */ = {
			isa = XCBuildConfiguration;
			buildSettings = {
				ASSETCATALOG_COMPILER_APPICON_NAME = AppIcon;
				ASSETCATALOG_COMPILER_GLOBAL_ACCENT_COLOR_NAME = AccentColor;
				CODE_SIGN_STYLE = Automatic;
				CURRENT_PROJECT_VERSION = 1;
				GENERATE_INFOPLIST_FILE = YES;
				INFOPLIST_FILE = AnkitAssignmentiOS/Info.plist;
				INFOPLIST_KEY_UIApplicationSupportsIndirectInputEvents = YES;
				INFOPLIST_KEY_UILaunchStoryboardName = LaunchScreen;
				INFOPLIST_KEY_UIMainStoryboardFile = Main;
				INFOPLIST_KEY_UISupportedInterfaceOrientations_iPad = "UIInterfaceOrientationPortrait UIInterfaceOrientationPortraitUpsideDown UIInterfaceOrientationLandscapeLeft UIInterfaceOrientationLandscapeRight";
				INFOPLIST_KEY_UISupportedInterfaceOrientations_iPhone = "UIInterfaceOrientationPortrait UIInterfaceOrientationLandscapeLeft UIInterfaceOrientationLandscapeRight";
				LD_RUNPATH_SEARCH_PATHS = (
					"$(inherited)",
					"@executable_path/Frameworks",
				);
				MARKETING_VERSION = 1.0;
				PRODUCT_BUNDLE_IDENTIFIER = xyz.AnkitAssignmentiOS;
				PRODUCT_NAME = "$(TARGET_NAME)";
				SWIFT_EMIT_LOC_STRINGS = YES;
				SWIFT_VERSION = 5.0;
				TARGETED_DEVICE_FAMILY = "1,2";
			};
			name = Debug;
		};
		90B5D58A2BCD24E600156689 /* Release */ = {
			isa = XCBuildConfiguration;
			buildSettings = {
				ASSETCATALOG_COMPILER_APPICON_NAME = AppIcon;
				ASSETCATALOG_COMPILER_GLOBAL_ACCENT_COLOR_NAME = AccentColor;
				CODE_SIGN_STYLE = Automatic;
				CURRENT_PROJECT_VERSION = 1;
				GENERATE_INFOPLIST_FILE = YES;
				INFOPLIST_FILE = AnkitAssignmentiOS/Info.plist;
				INFOPLIST_KEY_UIApplicationSupportsIndirectInputEvents = YES;
				INFOPLIST_KEY_UILaunchStoryboardName = LaunchScreen;
				INFOPLIST_KEY_UIMainStoryboardFile = Main;
				INFOPLIST_KEY_UISupportedInterfaceOrientations_iPad = "UIInterfaceOrientationPortrait UIInterfaceOrientationPortraitUpsideDown UIInterfaceOrientationLandscapeLeft UIInterfaceOrientationLandscapeRight";
				INFOPLIST_KEY_UISupportedInterfaceOrientations_iPhone = "UIInterfaceOrientationPortrait UIInterfaceOrientationLandscapeLeft UIInterfaceOrientationLandscapeRight";
				LD_RUNPATH_SEARCH_PATHS = (
					"$(inherited)",
					"@executable_path/Frameworks",
				);
				MARKETING_VERSION = 1.0;
				PRODUCT_BUNDLE_IDENTIFIER = xyz.AnkitAssignmentiOS;
				PRODUCT_NAME = "$(TARGET_NAME)";
				SWIFT_EMIT_LOC_STRINGS = YES;
				SWIFT_VERSION = 5.0;
				TARGETED_DEVICE_FAMILY = "1,2";
			};
			name = Release;
		};
/* End XCBuildConfiguration section */

/* Begin XCConfigurationList section */
		90B5D56F2BCD24E300156689 /* Build configuration list for PBXProject "AnkitAssignmentiOS" */ = {
			isa = XCConfigurationList;
			buildConfigurations = (
				90B5D5862BCD24E600156689 /* Debug */,
				90B5D5872BCD24E600156689 /* Release */,
			);
			defaultConfigurationIsVisible = 0;
			defaultConfigurationName = Release;
		};
		90B5D5882BCD24E600156689 /* Build configuration list for PBXNativeTarget "AnkitAssignmentiOS" */ = {
			isa = XCConfigurationList;
			buildConfigurations = (
				90B5D5892BCD24E600156689 /* Debug */,
				90B5D58A2BCD24E600156689 /* Release */,
			);
			defaultConfigurationIsVisible = 0;
			defaultConfigurationName = Release;
		};
/* End XCConfigurationList section */
	};
	rootObject = 90B5D56C2BCD24E300156689 /* Project object */;
}
